// !$*UTF8*$!
{
	archiveVersion = 1;
	classes = {
	};
	objectVersion = 56;
	objects = {

/* Begin PBXBuildFile section */
		9B25184F2A0E2A220092DCDB /* FileController.swift in Sources */ = {isa = PBXBuildFile; fileRef = 9B25184E2A0E2A220092DCDB /* FileController.swift */; };
		9B2518522A0E8C750092DCDB /* GlobalState.swift in Sources */ = {isa = PBXBuildFile; fileRef = 9B2518512A0E8C750092DCDB /* GlobalState.swift */; };
		9B4595EE2A04EF02002982C0 /* SocialLoginTestAppApp.swift in Sources */ = {isa = PBXBuildFile; fileRef = 9B4595ED2A04EF02002982C0 /* SocialLoginTestAppApp.swift */; };
		9B4595F22A04EF03002982C0 /* Assets.xcassets in Resources */ = {isa = PBXBuildFile; fileRef = 9B4595F12A04EF03002982C0 /* Assets.xcassets */; };
		9B4595F52A04EF03002982C0 /* Preview Assets.xcassets in Resources */ = {isa = PBXBuildFile; fileRef = 9B4595F42A04EF03002982C0 /* Preview Assets.xcassets */; };
		9B4596022A04F380002982C0 /* KakaoSDKAuth in Frameworks */ = {isa = PBXBuildFile; productRef = 9B4596012A04F380002982C0 /* KakaoSDKAuth */; };
		9B4596042A04F380002982C0 /* KakaoSDKCommon in Frameworks */ = {isa = PBXBuildFile; productRef = 9B4596032A04F380002982C0 /* KakaoSDKCommon */; };
		9B4596062A04F380002982C0 /* KakaoSDKUser in Frameworks */ = {isa = PBXBuildFile; productRef = 9B4596052A04F380002982C0 /* KakaoSDKUser */; };
		9B4596092A05580F002982C0 /* KakaoApp.swift in Sources */ = {isa = PBXBuildFile; fileRef = 9B4596082A05580F002982C0 /* KakaoApp.swift */; };
		9B45960C2A05D756002982C0 /* KakaoSocialLogin.swift in Sources */ = {isa = PBXBuildFile; fileRef = 9B45960B2A05D756002982C0 /* KakaoSocialLogin.swift */; };
		9BA1A1542A07797F00D2A79D /* MainScene.swift in Sources */ = {isa = PBXBuildFile; fileRef = 9BA1A1532A07797F00D2A79D /* MainScene.swift */; };
		9BA1A1562A077A3000D2A79D /* FirstCheckingScreen.swift in Sources */ = {isa = PBXBuildFile; fileRef = 9BA1A1552A077A3000D2A79D /* FirstCheckingScreen.swift */; };
		9BA1A1582A077A7600D2A79D /* AuthenticationObject.swift in Sources */ = {isa = PBXBuildFile; fileRef = 9BA1A1572A077A7600D2A79D /* AuthenticationObject.swift */; };
		9BA1A15A2A0784F100D2A79D /* LoginScreen.swift in Sources */ = {isa = PBXBuildFile; fileRef = 9BA1A1592A0784F100D2A79D /* LoginScreen.swift */; };
		9BA1A15D2A078E2B00D2A79D /* LoginScreenViewModel.swift in Sources */ = {isa = PBXBuildFile; fileRef = 9BA1A15C2A078E2B00D2A79D /* LoginScreenViewModel.swift */; };
		9BA1A15F2A07918200D2A79D /* UserInformationView.swift in Sources */ = {isa = PBXBuildFile; fileRef = 9BA1A15E2A07918200D2A79D /* UserInformationView.swift */; };
/* End PBXBuildFile section */

/* Begin PBXFileReference section */
		9B25184E2A0E2A220092DCDB /* FileController.swift */ = {isa = PBXFileReference; lastKnownFileType = sourcecode.swift; path = FileController.swift; sourceTree = "<group>"; };
		9B2518512A0E8C750092DCDB /* GlobalState.swift */ = {isa = PBXFileReference; lastKnownFileType = sourcecode.swift; path = GlobalState.swift; sourceTree = "<group>"; };
		9B4595EA2A04EF02002982C0 /* SocialLoginTestApp.app */ = {isa = PBXFileReference; explicitFileType = wrapper.application; includeInIndex = 0; path = SocialLoginTestApp.app; sourceTree = BUILT_PRODUCTS_DIR; };
		9B4595ED2A04EF02002982C0 /* SocialLoginTestAppApp.swift */ = {isa = PBXFileReference; lastKnownFileType = sourcecode.swift; path = SocialLoginTestAppApp.swift; sourceTree = "<group>"; };
		9B4595F12A04EF03002982C0 /* Assets.xcassets */ = {isa = PBXFileReference; lastKnownFileType = folder.assetcatalog; path = Assets.xcassets; sourceTree = "<group>"; };
		9B4595F42A04EF03002982C0 /* Preview Assets.xcassets */ = {isa = PBXFileReference; lastKnownFileType = folder.assetcatalog; path = "Preview Assets.xcassets"; sourceTree = "<group>"; };
		9B4596072A04F3A0002982C0 /* Info.plist */ = {isa = PBXFileReference; lastKnownFileType = text.plist; path = Info.plist; sourceTree = "<group>"; };
		9B4596082A05580F002982C0 /* KakaoApp.swift */ = {isa = PBXFileReference; lastKnownFileType = sourcecode.swift; path = KakaoApp.swift; sourceTree = "<group>"; };
		9B45960B2A05D756002982C0 /* KakaoSocialLogin.swift */ = {isa = PBXFileReference; lastKnownFileType = sourcecode.swift; path = KakaoSocialLogin.swift; sourceTree = "<group>"; };
		9BA1A1532A07797F00D2A79D /* MainScene.swift */ = {isa = PBXFileReference; lastKnownFileType = sourcecode.swift; path = MainScene.swift; sourceTree = "<group>"; };
		9BA1A1552A077A3000D2A79D /* FirstCheckingScreen.swift */ = {isa = PBXFileReference; lastKnownFileType = sourcecode.swift; path = FirstCheckingScreen.swift; sourceTree = "<group>"; };
		9BA1A1572A077A7600D2A79D /* AuthenticationObject.swift */ = {isa = PBXFileReference; lastKnownFileType = sourcecode.swift; path = AuthenticationObject.swift; sourceTree = "<group>"; };
		9BA1A1592A0784F100D2A79D /* LoginScreen.swift */ = {isa = PBXFileReference; lastKnownFileType = sourcecode.swift; path = LoginScreen.swift; sourceTree = "<group>"; };
		9BA1A15C2A078E2B00D2A79D /* LoginScreenViewModel.swift */ = {isa = PBXFileReference; lastKnownFileType = sourcecode.swift; path = LoginScreenViewModel.swift; sourceTree = "<group>"; };
		9BA1A15E2A07918200D2A79D /* UserInformationView.swift */ = {isa = PBXFileReference; lastKnownFileType = sourcecode.swift; path = UserInformationView.swift; sourceTree = "<group>"; };
/* End PBXFileReference section */

/* Begin PBXFrameworksBuildPhase section */
		9B4595E72A04EF02002982C0 /* Frameworks */ = {
			isa = PBXFrameworksBuildPhase;
			buildActionMask = 2147483647;
			files = (
				9B4596042A04F380002982C0 /* KakaoSDKCommon in Frameworks */,
				9B4596022A04F380002982C0 /* KakaoSDKAuth in Frameworks */,
				9B4596062A04F380002982C0 /* KakaoSDKUser in Frameworks */,
			);
			runOnlyForDeploymentPostprocessing = 0;
		};
/* End PBXFrameworksBuildPhase section */

/* Begin PBXGroup section */
		9B2518502A0E8C640092DCDB /* State */ = {
			isa = PBXGroup;
			children = (
				9B2518512A0E8C750092DCDB /* GlobalState.swift */,
			);
			path = State;
			sourceTree = "<group>";
		};
		9B4595E12A04EF02002982C0 = {
			isa = PBXGroup;
			children = (
				9B4595EC2A04EF02002982C0 /* SocialLoginTestApp */,
				9B4595EB2A04EF02002982C0 /* Products */,
			);
			sourceTree = "<group>";
		};
		9B4595EB2A04EF02002982C0 /* Products */ = {
			isa = PBXGroup;
			children = (
				9B4595EA2A04EF02002982C0 /* SocialLoginTestApp.app */,
			);
			name = Products;
			sourceTree = "<group>";
		};
		9B4595EC2A04EF02002982C0 /* SocialLoginTestApp */ = {
			isa = PBXGroup;
			children = (
				9B4596072A04F3A0002982C0 /* Info.plist */,
				9B2518502A0E8C640092DCDB /* State */,
				9BA1A15B2A078DCB00D2A79D /* Service */,
				9B4595FC2A04EF1C002982C0 /* Model */,
				9B4595FB2A04EF15002982C0 /* ViewModel */,
				9B4595FD2A04EF22002982C0 /* Screen */,
				9B45960A2A05D595002982C0 /* Scene */,
				9B4595ED2A04EF02002982C0 /* SocialLoginTestAppApp.swift */,
				9B4595F12A04EF03002982C0 /* Assets.xcassets */,
				9B4595F32A04EF03002982C0 /* Preview Content */,
			);
			path = SocialLoginTestApp;
			sourceTree = "<group>";
		};
		9B4595F32A04EF03002982C0 /* Preview Content */ = {
			isa = PBXGroup;
			children = (
				9B4595F42A04EF03002982C0 /* Preview Assets.xcassets */,
			);
			path = "Preview Content";
			sourceTree = "<group>";
		};
		9B4595FB2A04EF15002982C0 /* ViewModel */ = {
			isa = PBXGroup;
			children = (
				9BA1A1572A077A7600D2A79D /* AuthenticationObject.swift */,
				9BA1A15C2A078E2B00D2A79D /* LoginScreenViewModel.swift */,
			);
			path = ViewModel;
			sourceTree = "<group>";
		};
		9B4595FC2A04EF1C002982C0 /* Model */ = {
			isa = PBXGroup;
			children = (
				9B4596082A05580F002982C0 /* KakaoApp.swift */,
			);
			path = Model;
			sourceTree = "<group>";
		};
		9B4595FD2A04EF22002982C0 /* Screen */ = {
			isa = PBXGroup;
			children = (
				9BA1A1552A077A3000D2A79D /* FirstCheckingScreen.swift */,
				9BA1A1592A0784F100D2A79D /* LoginScreen.swift */,
				9BA1A15E2A07918200D2A79D /* UserInformationView.swift */,
			);
			path = Screen;
			sourceTree = "<group>";
		};
		9B45960A2A05D595002982C0 /* Scene */ = {
			isa = PBXGroup;
			children = (
				9BA1A1532A07797F00D2A79D /* MainScene.swift */,
			);
			path = Scene;
			sourceTree = "<group>";
		};
		9BA1A15B2A078DCB00D2A79D /* Service */ = {
			isa = PBXGroup;
			children = (
				9B45960B2A05D756002982C0 /* KakaoSocialLogin.swift */,
				9B25184E2A0E2A220092DCDB /* FileController.swift */,
			);
			path = Service;
			sourceTree = "<group>";
		};
/* End PBXGroup section */

/* Begin PBXNativeTarget section */
		9B4595E92A04EF02002982C0 /* SocialLoginTestApp */ = {
			isa = PBXNativeTarget;
			buildConfigurationList = 9B4595F82A04EF03002982C0 /* Build configuration list for PBXNativeTarget "SocialLoginTestApp" */;
			buildPhases = (
				9B4595E62A04EF02002982C0 /* Sources */,
				9B4595E72A04EF02002982C0 /* Frameworks */,
				9B4595E82A04EF02002982C0 /* Resources */,
			);
			buildRules = (
			);
			dependencies = (
			);
			name = SocialLoginTestApp;
			packageProductDependencies = (
				9B4596012A04F380002982C0 /* KakaoSDKAuth */,
				9B4596032A04F380002982C0 /* KakaoSDKCommon */,
				9B4596052A04F380002982C0 /* KakaoSDKUser */,
			);
			productName = SocialLoginTestApp;
			productReference = 9B4595EA2A04EF02002982C0 /* SocialLoginTestApp.app */;
			productType = "com.apple.product-type.application";
		};
/* End PBXNativeTarget section */

/* Begin PBXProject section */
		9B4595E22A04EF02002982C0 /* Project object */ = {
			isa = PBXProject;
			attributes = {
				BuildIndependentTargetsInParallel = 1;
				LastSwiftUpdateCheck = 1430;
				LastUpgradeCheck = 1430;
				TargetAttributes = {
					9B4595E92A04EF02002982C0 = {
						CreatedOnToolsVersion = 14.3;
					};
				};
			};
			buildConfigurationList = 9B4595E52A04EF02002982C0 /* Build configuration list for PBXProject "SocialLoginTestApp" */;
			compatibilityVersion = "Xcode 14.0";
			developmentRegion = en;
			hasScannedForEncodings = 0;
			knownRegions = (
				en,
				Base,
			);
			mainGroup = 9B4595E12A04EF02002982C0;
			packageReferences = (
				9B4596002A04F380002982C0 /* XCRemoteSwiftPackageReference "kakao-ios-sdk" */,
			);
			productRefGroup = 9B4595EB2A04EF02002982C0 /* Products */;
			projectDirPath = "";
			projectRoot = "";
			targets = (
				9B4595E92A04EF02002982C0 /* SocialLoginTestApp */,
			);
		};
/* End PBXProject section */

/* Begin PBXResourcesBuildPhase section */
		9B4595E82A04EF02002982C0 /* Resources */ = {
			isa = PBXResourcesBuildPhase;
			buildActionMask = 2147483647;
			files = (
				9B4595F52A04EF03002982C0 /* Preview Assets.xcassets in Resources */,
				9B4595F22A04EF03002982C0 /* Assets.xcassets in Resources */,
			);
			runOnlyForDeploymentPostprocessing = 0;
		};
/* End PBXResourcesBuildPhase section */

/* Begin PBXSourcesBuildPhase section */
		9B4595E62A04EF02002982C0 /* Sources */ = {
			isa = PBXSourcesBuildPhase;
			buildActionMask = 2147483647;
			files = (
				9B4595EE2A04EF02002982C0 /* SocialLoginTestAppApp.swift in Sources */,
				9B45960C2A05D756002982C0 /* KakaoSocialLogin.swift in Sources */,
				9BA1A15D2A078E2B00D2A79D /* LoginScreenViewModel.swift in Sources */,
				9B4596092A05580F002982C0 /* KakaoApp.swift in Sources */,
				9B25184F2A0E2A220092DCDB /* FileController.swift in Sources */,
				9BA1A1542A07797F00D2A79D /* MainScene.swift in Sources */,
				9BA1A1582A077A7600D2A79D /* AuthenticationObject.swift in Sources */,
				9B2518522A0E8C750092DCDB /* GlobalState.swift in Sources */,
				9BA1A15A2A0784F100D2A79D /* LoginScreen.swift in Sources */,
				9BA1A15F2A07918200D2A79D /* UserInformationView.swift in Sources */,
				9BA1A1562A077A3000D2A79D /* FirstCheckingScreen.swift in Sources */,
			);
			runOnlyForDeploymentPostprocessing = 0;
		};
/* End PBXSourcesBuildPhase section */

/* Begin XCBuildConfiguration section */
		9B4595F62A04EF03002982C0 /* Debug */ = {
			isa = XCBuildConfiguration;
			buildSettings = {
				ALWAYS_SEARCH_USER_PATHS = NO;
				CLANG_ANALYZER_NONNULL = YES;
				CLANG_ANALYZER_NUMBER_OBJECT_CONVERSION = YES_AGGRESSIVE;
				CLANG_CXX_LANGUAGE_STANDARD = "gnu++20";
				CLANG_ENABLE_MODULES = YES;
				CLANG_ENABLE_OBJC_ARC = YES;
				CLANG_ENABLE_OBJC_WEAK = YES;
				CLANG_WARN_BLOCK_CAPTURE_AUTORELEASING = YES;
				CLANG_WARN_BOOL_CONVERSION = YES;
				CLANG_WARN_COMMA = YES;
				CLANG_WARN_CONSTANT_CONVERSION = YES;
				CLANG_WARN_DEPRECATED_OBJC_IMPLEMENTATIONS = YES;
				CLANG_WARN_DIRECT_OBJC_ISA_USAGE = YES_ERROR;
				CLANG_WARN_DOCUMENTATION_COMMENTS = YES;
				CLANG_WARN_EMPTY_BODY = YES;
				CLANG_WARN_ENUM_CONVERSION = YES;
				CLANG_WARN_INFINITE_RECURSION = YES;
				CLANG_WARN_INT_CONVERSION = YES;
				CLANG_WARN_NON_LITERAL_NULL_CONVERSION = YES;
				CLANG_WARN_OBJC_IMPLICIT_RETAIN_SELF = YES;
				CLANG_WARN_OBJC_LITERAL_CONVERSION = YES;
				CLANG_WARN_OBJC_ROOT_CLASS = YES_ERROR;
				CLANG_WARN_QUOTED_INCLUDE_IN_FRAMEWORK_HEADER = YES;
				CLANG_WARN_RANGE_LOOP_ANALYSIS = YES;
				CLANG_WARN_STRICT_PROTOTYPES = YES;
				CLANG_WARN_SUSPICIOUS_MOVE = YES;
				CLANG_WARN_UNGUARDED_AVAILABILITY = YES_AGGRESSIVE;
				CLANG_WARN_UNREACHABLE_CODE = YES;
				CLANG_WARN__DUPLICATE_METHOD_MATCH = YES;
				COPY_PHASE_STRIP = NO;
				DEBUG_INFORMATION_FORMAT = dwarf;
				ENABLE_STRICT_OBJC_MSGSEND = YES;
				ENABLE_TESTABILITY = YES;
				GCC_C_LANGUAGE_STANDARD = gnu11;
				GCC_DYNAMIC_NO_PIC = NO;
				GCC_NO_COMMON_BLOCKS = YES;
				GCC_OPTIMIZATION_LEVEL = 0;
				GCC_PREPROCESSOR_DEFINITIONS = (
					"DEBUG=1",
					"$(inherited)",
				);
				GCC_WARN_64_TO_32_BIT_CONVERSION = YES;
				GCC_WARN_ABOUT_RETURN_TYPE = YES_ERROR;
				GCC_WARN_UNDECLARED_SELECTOR = YES;
				GCC_WARN_UNINITIALIZED_AUTOS = YES_AGGRESSIVE;
				GCC_WARN_UNUSED_FUNCTION = YES;
				GCC_WARN_UNUSED_VARIABLE = YES;
				IPHONEOS_DEPLOYMENT_TARGET = 16.4;
				MTL_ENABLE_DEBUG_INFO = INCLUDE_SOURCE;
				MTL_FAST_MATH = YES;
				ONLY_ACTIVE_ARCH = YES;
				SDKROOT = iphoneos;
				SWIFT_ACTIVE_COMPILATION_CONDITIONS = DEBUG;
				SWIFT_OPTIMIZATION_LEVEL = "-Onone";
			};
			name = Debug;
		};
		9B4595F72A04EF03002982C0 /* Release */ = {
			isa = XCBuildConfiguration;
			buildSettings = {
				ALWAYS_SEARCH_USER_PATHS = NO;
				CLANG_ANALYZER_NONNULL = YES;
				CLANG_ANALYZER_NUMBER_OBJECT_CONVERSION = YES_AGGRESSIVE;
				CLANG_CXX_LANGUAGE_STANDARD = "gnu++20";
				CLANG_ENABLE_MODULES = YES;
				CLANG_ENABLE_OBJC_ARC = YES;
				CLANG_ENABLE_OBJC_WEAK = YES;
				CLANG_WARN_BLOCK_CAPTURE_AUTORELEASING = YES;
				CLANG_WARN_BOOL_CONVERSION = YES;
				CLANG_WARN_COMMA = YES;
				CLANG_WARN_CONSTANT_CONVERSION = YES;
				CLANG_WARN_DEPRECATED_OBJC_IMPLEMENTATIONS = YES;
				CLANG_WARN_DIRECT_OBJC_ISA_USAGE = YES_ERROR;
				CLANG_WARN_DOCUMENTATION_COMMENTS = YES;
				CLANG_WARN_EMPTY_BODY = YES;
				CLANG_WARN_ENUM_CONVERSION = YES;
				CLANG_WARN_INFINITE_RECURSION = YES;
				CLANG_WARN_INT_CONVERSION = YES;
				CLANG_WARN_NON_LITERAL_NULL_CONVERSION = YES;
				CLANG_WARN_OBJC_IMPLICIT_RETAIN_SELF = YES;
				CLANG_WARN_OBJC_LITERAL_CONVERSION = YES;
				CLANG_WARN_OBJC_ROOT_CLASS = YES_ERROR;
				CLANG_WARN_QUOTED_INCLUDE_IN_FRAMEWORK_HEADER = YES;
				CLANG_WARN_RANGE_LOOP_ANALYSIS = YES;
				CLANG_WARN_STRICT_PROTOTYPES = YES;
				CLANG_WARN_SUSPICIOUS_MOVE = YES;
				CLANG_WARN_UNGUARDED_AVAILABILITY = YES_AGGRESSIVE;
				CLANG_WARN_UNREACHABLE_CODE = YES;
				CLANG_WARN__DUPLICATE_METHOD_MATCH = YES;
				COPY_PHASE_STRIP = NO;
				DEBUG_INFORMATION_FORMAT = "dwarf-with-dsym";
				ENABLE_NS_ASSERTIONS = NO;
				ENABLE_STRICT_OBJC_MSGSEND = YES;
				GCC_C_LANGUAGE_STANDARD = gnu11;
				GCC_NO_COMMON_BLOCKS = YES;
				GCC_WARN_64_TO_32_BIT_CONVERSION = YES;
				GCC_WARN_ABOUT_RETURN_TYPE = YES_ERROR;
				GCC_WARN_UNDECLARED_SELECTOR = YES;
				GCC_WARN_UNINITIALIZED_AUTOS = YES_AGGRESSIVE;
				GCC_WARN_UNUSED_FUNCTION = YES;
				GCC_WARN_UNUSED_VARIABLE = YES;
				IPHONEOS_DEPLOYMENT_TARGET = 16.4;
				MTL_ENABLE_DEBUG_INFO = NO;
				MTL_FAST_MATH = YES;
				SDKROOT = iphoneos;
				SWIFT_COMPILATION_MODE = wholemodule;
				SWIFT_OPTIMIZATION_LEVEL = "-O";
				VALIDATE_PRODUCT = YES;
			};
			name = Release;
		};
		9B4595F92A04EF03002982C0 /* Debug */ = {
			isa = XCBuildConfiguration;
			buildSettings = {
				ASSETCATALOG_COMPILER_APPICON_NAME = AppIcon;
				ASSETCATALOG_COMPILER_GLOBAL_ACCENT_COLOR_NAME = AccentColor;
				CODE_SIGN_STYLE = Automatic;
				CURRENT_PROJECT_VERSION = 1;
				DEVELOPMENT_ASSET_PATHS = "\"SocialLoginTestApp/Preview Content\"";
				DEVELOPMENT_TEAM = XHRN62S9RK;
				ENABLE_PREVIEWS = YES;
				GENERATE_INFOPLIST_FILE = YES;
				INFOPLIST_FILE = SocialLoginTestApp/Info.plist;
				INFOPLIST_KEY_UIApplicationSceneManifest_Generation = YES;
				INFOPLIST_KEY_UIApplicationSupportsIndirectInputEvents = YES;
				INFOPLIST_KEY_UILaunchScreen_Generation = YES;
				INFOPLIST_KEY_UISupportedInterfaceOrientations_iPad = "UIInterfaceOrientationPortrait UIInterfaceOrientationPortraitUpsideDown UIInterfaceOrientationLandscapeLeft UIInterfaceOrientationLandscapeRight";
				INFOPLIST_KEY_UISupportedInterfaceOrientations_iPhone = "UIInterfaceOrientationPortrait UIInterfaceOrientationLandscapeLeft UIInterfaceOrientationLandscapeRight";
				LD_RUNPATH_SEARCH_PATHS = (
					"$(inherited)",
					"@executable_path/Frameworks",
				);
				MARKETING_VERSION = 1.0;
				PRODUCT_BUNDLE_IDENTIFIER = choijunyeong.SocialLoginTestApp;
				PRODUCT_NAME = "$(TARGET_NAME)";
				SUPPORTED_PLATFORMS = "iphoneos iphonesimulator";
				SUPPORTS_MACCATALYST = NO;
				SUPPORTS_MAC_DESIGNED_FOR_IPHONE_IPAD = NO;
				SWIFT_EMIT_LOC_STRINGS = YES;
				SWIFT_VERSION = 5.0;
				TARGETED_DEVICE_FAMILY = 1;
			};
			name = Debug;
		};
		9B4595FA2A04EF03002982C0 /* Release */ = {
			isa = XCBuildConfiguration;
			buildSettings = {
				ASSETCATALOG_COMPILER_APPICON_NAME = AppIcon;
				ASSETCATALOG_COMPILER_GLOBAL_ACCENT_COLOR_NAME = AccentColor;
				CODE_SIGN_STYLE = Automatic;
				CURRENT_PROJECT_VERSION = 1;
				DEVELOPMENT_ASSET_PATHS = "\"SocialLoginTestApp/Preview Content\"";
				DEVELOPMENT_TEAM = XHRN62S9RK;
				ENABLE_PREVIEWS = YES;
				GENERATE_INFOPLIST_FILE = YES;
				INFOPLIST_FILE = SocialLoginTestApp/Info.plist;
				INFOPLIST_KEY_UIApplicationSceneManifest_Generation = YES;
				INFOPLIST_KEY_UIApplicationSupportsIndirectInputEvents = YES;
				INFOPLIST_KEY_UILaunchScreen_Generation = YES;
				INFOPLIST_KEY_UISupportedInterfaceOrientations_iPad = "UIInterfaceOrientationPortrait UIInterfaceOrientationPortraitUpsideDown UIInterfaceOrientationLandscapeLeft UIInterfaceOrientationLandscapeRight";
				INFOPLIST_KEY_UISupportedInterfaceOrientations_iPhone = "UIInterfaceOrientationPortrait UIInterfaceOrientationLandscapeLeft UIInterfaceOrientationLandscapeRight";
				LD_RUNPATH_SEARCH_PATHS = (
					"$(inherited)",
					"@executable_path/Frameworks",
				);
				MARKETING_VERSION = 1.0;
				PRODUCT_BUNDLE_IDENTIFIER = choijunyeong.SocialLoginTestApp;
				PRODUCT_NAME = "$(TARGET_NAME)";
				SUPPORTED_PLATFORMS = "iphoneos iphonesimulator";
				SUPPORTS_MACCATALYST = NO;
				SUPPORTS_MAC_DESIGNED_FOR_IPHONE_IPAD = NO;
				SWIFT_EMIT_LOC_STRINGS = YES;
				SWIFT_VERSION = 5.0;
				TARGETED_DEVICE_FAMILY = 1;
			};
			name = Release;
		};
/* End XCBuildConfiguration section */

/* Begin XCConfigurationList section */
		9B4595E52A04EF02002982C0 /* Build configuration list for PBXProject "SocialLoginTestApp" */ = {
			isa = XCConfigurationList;
			buildConfigurations = (
				9B4595F62A04EF03002982C0 /* Debug */,
				9B4595F72A04EF03002982C0 /* Release */,
			);
			defaultConfigurationIsVisible = 0;
			defaultConfigurationName = Release;
		};
		9B4595F82A04EF03002982C0 /* Build configuration list for PBXNativeTarget "SocialLoginTestApp" */ = {
			isa = XCConfigurationList;
			buildConfigurations = (
				9B4595F92A04EF03002982C0 /* Debug */,
				9B4595FA2A04EF03002982C0 /* Release */,
			);
			defaultConfigurationIsVisible = 0;
			defaultConfigurationName = Release;
		};
/* End XCConfigurationList section */

/* Begin XCRemoteSwiftPackageReference section */
		9B4596002A04F380002982C0 /* XCRemoteSwiftPackageReference "kakao-ios-sdk" */ = {
			isa = XCRemoteSwiftPackageReference;
			repositoryURL = "https://github.com/kakao/kakao-ios-sdk";
			requirement = {
				kind = upToNextMajorVersion;
				minimumVersion = 2.0.0;
			};
		};
/* End XCRemoteSwiftPackageReference section */

/* Begin XCSwiftPackageProductDependency section */
		9B4596012A04F380002982C0 /* KakaoSDKAuth */ = {
			isa = XCSwiftPackageProductDependency;
			package = 9B4596002A04F380002982C0 /* XCRemoteSwiftPackageReference "kakao-ios-sdk" */;
			productName = KakaoSDKAuth;
		};
		9B4596032A04F380002982C0 /* KakaoSDKCommon */ = {
			isa = XCSwiftPackageProductDependency;
			package = 9B4596002A04F380002982C0 /* XCRemoteSwiftPackageReference "kakao-ios-sdk" */;
			productName = KakaoSDKCommon;
		};
		9B4596052A04F380002982C0 /* KakaoSDKUser */ = {
			isa = XCSwiftPackageProductDependency;
			package = 9B4596002A04F380002982C0 /* XCRemoteSwiftPackageReference "kakao-ios-sdk" */;
			productName = KakaoSDKUser;
		};
/* End XCSwiftPackageProductDependency section */
	};
	rootObject = 9B4595E22A04EF02002982C0 /* Project object */;
}
